
Microsoft Visual Studio Solution File, Format Version 10.00
# Visual Studio 2008
# SharpDevelop 3.0.0.3800
Project("{FD48973F-F585-4F70-812B-4D0503B36CE9}") = "python test console", "python test console\python test console.pyproj", "{95CD19C5-FAEF-4243-9F29-E43586864D9F}"
EndProject
Global
	GlobalSection(SolutionConfigurationPlatforms) = preSolution
		Debug|Any CPU = Debug|Any CPU
		Release|Any CPU = Release|Any CPU
	EndGlobalSection
	GlobalSection(ProjectConfigurationPlatforms) = postSolution
		{95CD19C5-FAEF-4243-9F29-E43586864D9F}.Debug|Any CPU.Build.0 = Debug|Any CPU
		{95CD19C5-FAEF-4243-9F29-E43586864D9F}.Debug|Any CPU.ActiveCfg = Debug|Any CPU
		{95CD19C5-FAEF-4243-9F29-E43586864D9F}.Release|Any CPU.Build.0 = Release|Any CPU
		{95CD19C5-FAEF-4243-9F29-E43586864D9F}.Release|Any CPU.ActiveCfg = Release|Any CPU
	EndGlobalSection
EndGlobal
